
Microsoft Visual Studio Solution File, Format Version 12.00
# Visual Studio Version 17
VisualStudioVersion = 17.6.33829.357
MinimumVisualStudioVersion = 10.0.40219.1
Project("{FAE04EC0-301F-11D3-BF4B-00C04F79EFBC}") = "NOGAste", "NOGAste.csproj", "{30A5B7AA-AB64-48CD-B51D-C3DD56E9CEDD}"
EndProject
Global
	GlobalSection(SolutionConfigurationPlatforms) = preSolution
		Debug|Any CPU = Debug|Any CPU
		Release|Any CPU = Release|Any CPU
	EndGlobalSection
	GlobalSection(ProjectConfigurationPlatforms) = postSolution
		{30A5B7AA-AB64-48CD-B51D-C3DD56E9CEDD}.Debug|Any CPU.ActiveCfg = Debug|Any CPU
		{30A5B7AA-AB64-48CD-B51D-C3DD56E9CEDD}.Debug|Any CPU.Build.0 = Debug|Any CPU
		{30A5B7AA-AB64-48CD-B51D-C3DD56E9CEDD}.Release|Any CPU.ActiveCfg = Release|Any CPU
		{30A5B7AA-AB64-48CD-B51D-C3DD56E9CEDD}.Release|Any CPU.Build.0 = Release|Any CPU
	EndGlobalSection
	GlobalSection(SolutionProperties) = preSolution
		HideSolutionNode = FALSE
	EndGlobalSection
	GlobalSection(ExtensibilityGlobals) = postSolution
		SolutionGuid = {619B8D5C-4816-4FA5-BC17-547F725C1244}
	EndGlobalSection
EndGlobal
